
Microsoft Visual Studio Solution File, Format Version 12.00
# Visual Studio Version 16
VisualStudioVersion = 16.0.32630.194
MinimumVisualStudioVersion = 10.0.40219.1
Project("{C9674DCB-5085-4A16-B785-4C70DD1589BD}") = "PRJIntegrationServiceOne", "PRJIntegrationServiceOne\PRJIntegrationServiceOne.dtproj", "{0BC0E6E1-16BF-41E2-B7BC-382A28F51A74}"
EndProject
Global
	GlobalSection(SolutionConfigurationPlatforms) = preSolution
		Development|Default = Development|Default
	EndGlobalSection
	GlobalSection(ProjectConfigurationPlatforms) = postSolution
		{0BC0E6E1-16BF-41E2-B7BC-382A28F51A74}.Development|Default.ActiveCfg = Development
		{0BC0E6E1-16BF-41E2-B7BC-382A28F51A74}.Development|Default.Build.0 = Development
	EndGlobalSection
	GlobalSection(SolutionProperties) = preSolution
		HideSolutionNode = FALSE
	EndGlobalSection
	GlobalSection(ExtensibilityGlobals) = postSolution
		SolutionGuid = {774296C7-2C3C-4A68-B148-C285A48AED03}
	EndGlobalSection
EndGlobal
